
Microsoft Visual Studio Solution File, Format Version 12.00
# Visual Studio Version 17
VisualStudioVersion = 17.14.36310.24 d17.14
MinimumVisualStudioVersion = 10.0.40219.1
Project("{FAE04EC0-301F-11D3-BF4B-00C04F79EFBC}") = "try", "try.csproj", "{80EFEBF8-6424-424E-A24D-A417BA6D9C90}"
EndProject
Global
	GlobalSection(SolutionConfigurationPlatforms) = preSolution
		Debug|Any CPU = Debug|Any CPU
		Release|Any CPU = Release|Any CPU
	EndGlobalSection
	GlobalSection(ProjectConfigurationPlatforms) = postSolution
		{80EFEBF8-6424-424E-A24D-A417BA6D9C90}.Debug|Any CPU.ActiveCfg = Debug|Any CPU
		{80EFEBF8-6424-424E-A24D-A417BA6D9C90}.Debug|Any CPU.Build.0 = Debug|Any CPU
		{80EFEBF8-6424-424E-A24D-A417BA6D9C90}.Release|Any CPU.ActiveCfg = Release|Any CPU
		{80EFEBF8-6424-424E-A24D-A417BA6D9C90}.Release|Any CPU.Build.0 = Release|Any CPU
	EndGlobalSection
	GlobalSection(SolutionProperties) = preSolution
		HideSolutionNode = FALSE
	EndGlobalSection
	GlobalSection(ExtensibilityGlobals) = postSolution
		SolutionGuid = {AE737AB1-0A7A-425B-A177-20F9A3E4AD9E}
	EndGlobalSection
EndGlobal
