
Microsoft Visual Studio Solution File, Format Version 12.00
# Visual Studio Version 17
VisualStudioVersion = 17.14.36310.24 d17.14
MinimumVisualStudioVersion = 10.0.40219.1
Project("{FAE04EC0-301F-11D3-BF4B-00C04F79EFBC}") = "create edit client", "create edit client.csproj", "{68EDE67E-FBC0-4815-B28B-8CC8B86024AE}"
EndProject
Global
	GlobalSection(SolutionConfigurationPlatforms) = preSolution
		Debug|Any CPU = Debug|Any CPU
		Release|Any CPU = Release|Any CPU
	EndGlobalSection
	GlobalSection(ProjectConfigurationPlatforms) = postSolution
		{68EDE67E-FBC0-4815-B28B-8CC8B86024AE}.Debug|Any CPU.ActiveCfg = Debug|Any CPU
		{68EDE67E-FBC0-4815-B28B-8CC8B86024AE}.Debug|Any CPU.Build.0 = Debug|Any CPU
		{68EDE67E-FBC0-4815-B28B-8CC8B86024AE}.Release|Any CPU.ActiveCfg = Release|Any CPU
		{68EDE67E-FBC0-4815-B28B-8CC8B86024AE}.Release|Any CPU.Build.0 = Release|Any CPU
	EndGlobalSection
	GlobalSection(SolutionProperties) = preSolution
		HideSolutionNode = FALSE
	EndGlobalSection
	GlobalSection(ExtensibilityGlobals) = postSolution
		SolutionGuid = {CE2315A9-0457-4560-B8F2-3D4EE795463A}
	EndGlobalSection
EndGlobal
