
Microsoft Visual Studio Solution File, Format Version 12.00
# Visual Studio Version 17
VisualStudioVersion = 17.14.36310.24 d17.14
MinimumVisualStudioVersion = 10.0.40219.1
Project("{FAE04EC0-301F-11D3-BF4B-00C04F79EFBC}") = "ALEXISERP", "ALEXISERP.csproj", "{AD6541D2-8B69-4D2D-BCC2-7905576D90F4}"
EndProject
Global
	GlobalSection(SolutionConfigurationPlatforms) = preSolution
		Debug|Any CPU = Debug|Any CPU
		Release|Any CPU = Release|Any CPU
	EndGlobalSection
	GlobalSection(ProjectConfigurationPlatforms) = postSolution
		{AD6541D2-8B69-4D2D-BCC2-7905576D90F4}.Debug|Any CPU.ActiveCfg = Debug|Any CPU
		{AD6541D2-8B69-4D2D-BCC2-7905576D90F4}.Debug|Any CPU.Build.0 = Debug|Any CPU
		{AD6541D2-8B69-4D2D-BCC2-7905576D90F4}.Release|Any CPU.ActiveCfg = Release|Any CPU
		{AD6541D2-8B69-4D2D-BCC2-7905576D90F4}.Release|Any CPU.Build.0 = Release|Any CPU
	EndGlobalSection
	GlobalSection(SolutionProperties) = preSolution
		HideSolutionNode = FALSE
	EndGlobalSection
	GlobalSection(ExtensibilityGlobals) = postSolution
		SolutionGuid = {D9A42866-83BC-4632-8281-8AFA0E9FE2AF}
	EndGlobalSection
EndGlobal
